# @generated by Move, please check-in and do not edit manually.

[move]
version = 2
manifest_digest = "225AD323726B00EEFB29CCB09FF2C0209CFCCF71AD5D730EBD225239D1589120"
deps_digest = "3C4103934B1E040BB6B23F1D610B4EF9F2F1166A50A104EADCF77467C004C600"
dependencies = [
  { name = "MoveStdlib" },
  { name = "Sui" },
]

[[move.package]]
name = "MoveStdlib"
source = { git = "https://github.com/MystenLabs/sui.git", rev = "framework/testnet", subdir = "crates/sui-framework/packages/move-stdlib" }

[[move.package]]
name = "Sui"
source = { git = "https://github.com/MystenLabs/sui.git", rev = "framework/testnet", subdir = "crates/sui-framework/packages/sui-framework" }

dependencies = [
  { name = "MoveStdlib" },
]

[move.toolchain-version]
compiler-version = "1.26.1"
edition = "legacy"
flavor = "sui"

[env]

[env.testnet]
chain-id = "4c78adac"
original-published-id = "0xdfd2b7c284801b4b945ab4d9f108700ead8181264fb27058d68d12a8d0952ee1"
latest-published-id = "0xdfd2b7c284801b4b945ab4d9f108700ead8181264fb27058d68d12a8d0952ee1"
published-version = "1"
